
Microsoft Visual Studio Solution File, Format Version 12.00
# Visual Studio Version 16
VisualStudioVersion = 16.0.31112.23
MinimumVisualStudioVersion = 10.0.40219.1
Project("{FAE04EC0-301F-11D3-BF4B-00C04F79EFBC}") = "P5086", "P5086.csproj", "{D4A627C8-E0A9-4943-B6BA-6FFA9A79E5F9}"
EndProject
Global
	GlobalSection(SolutionConfigurationPlatforms) = preSolution
		Debug|Any CPU = Debug|Any CPU
		Release|Any CPU = Release|Any CPU
	EndGlobalSection
	GlobalSection(ProjectConfigurationPlatforms) = postSolution
		{D4A627C8-E0A9-4943-B6BA-6FFA9A79E5F9}.Debug|Any CPU.ActiveCfg = Debug|Any CPU
		{D4A627C8-E0A9-4943-B6BA-6FFA9A79E5F9}.Debug|Any CPU.Build.0 = Debug|Any CPU
		{D4A627C8-E0A9-4943-B6BA-6FFA9A79E5F9}.Release|Any CPU.ActiveCfg = Release|Any CPU
		{D4A627C8-E0A9-4943-B6BA-6FFA9A79E5F9}.Release|Any CPU.Build.0 = Release|Any CPU
	EndGlobalSection
	GlobalSection(SolutionProperties) = preSolution
		HideSolutionNode = FALSE
	EndGlobalSection
	GlobalSection(ExtensibilityGlobals) = postSolution
		SolutionGuid = {64B92D31-4B2F-45BF-8CCE-EBC59840C795}
	EndGlobalSection
EndGlobal
